
Microsoft Visual Studio Solution File, Format Version 12.00
# Visual Studio Version 17
VisualStudioVersion = 17.1.32210.238
MinimumVisualStudioVersion = 10.0.40219.1
Project("{FAE04EC0-301F-11D3-BF4B-00C04F79EFBC}") = "IndianStatesCensusAnalyserProblem", "IndianStatesCensusAnalyserProblem.csproj", "{66655FB0-21E4-4E1D-87CD-1BEEAB6AC7B9}"
EndProject
Global
	GlobalSection(SolutionConfigurationPlatforms) = preSolution
		Debug|Any CPU = Debug|Any CPU
		Release|Any CPU = Release|Any CPU
	EndGlobalSection
	GlobalSection(ProjectConfigurationPlatforms) = postSolution
		{66655FB0-21E4-4E1D-87CD-1BEEAB6AC7B9}.Debug|Any CPU.ActiveCfg = Debug|Any CPU
		{66655FB0-21E4-4E1D-87CD-1BEEAB6AC7B9}.Debug|Any CPU.Build.0 = Debug|Any CPU
		{66655FB0-21E4-4E1D-87CD-1BEEAB6AC7B9}.Release|Any CPU.ActiveCfg = Release|Any CPU
		{66655FB0-21E4-4E1D-87CD-1BEEAB6AC7B9}.Release|Any CPU.Build.0 = Release|Any CPU
	EndGlobalSection
	GlobalSection(SolutionProperties) = preSolution
		HideSolutionNode = FALSE
	EndGlobalSection
	GlobalSection(ExtensibilityGlobals) = postSolution
		SolutionGuid = {819D67A5-01C2-4250-8E29-61486CDAE09C}
	EndGlobalSection
EndGlobal
